
Microsoft Visual Studio Solution File, Format Version 12.00
# Visual Studio Version 17
VisualStudioVersion = 17.3.32929.385
MinimumVisualStudioVersion = 10.0.40219.1
Project("{FAE04EC0-301F-11D3-BF4B-00C04F79EFBC}") = "CodeWarsTrainee", "CodeWarsTrainee\CodeWarsTrainee.csproj", "{63318DFB-9F62-45B1-AD9D-BED392C2FF37}"
EndProject
Global
	GlobalSection(SolutionConfigurationPlatforms) = preSolution
		Debug|Any CPU = Debug|Any CPU
		Release|Any CPU = Release|Any CPU
	EndGlobalSection
	GlobalSection(ProjectConfigurationPlatforms) = postSolution
		{63318DFB-9F62-45B1-AD9D-BED392C2FF37}.Debug|Any CPU.ActiveCfg = Debug|Any CPU
		{63318DFB-9F62-45B1-AD9D-BED392C2FF37}.Debug|Any CPU.Build.0 = Debug|Any CPU
		{63318DFB-9F62-45B1-AD9D-BED392C2FF37}.Release|Any CPU.ActiveCfg = Release|Any CPU
		{63318DFB-9F62-45B1-AD9D-BED392C2FF37}.Release|Any CPU.Build.0 = Release|Any CPU
	EndGlobalSection
	GlobalSection(SolutionProperties) = preSolution
		HideSolutionNode = FALSE
	EndGlobalSection
	GlobalSection(ExtensibilityGlobals) = postSolution
		SolutionGuid = {79F093F7-B6FC-4A8A-98F4-8E852A08A67B}
	EndGlobalSection
EndGlobal
